
Microsoft Visual Studio Solution File, Format Version 12.00
# Visual Studio Version 17
VisualStudioVersion = 17.7.33711.374
MinimumVisualStudioVersion = 10.0.40219.1
Project("{9A19103F-16F7-4668-BE54-9A1E7A4F7556}") = "Products", "Products\Products.csproj", "{06DF5604-BC80-4C69-893A-72F58C6E04BD}"
EndProject
Project("{9A19103F-16F7-4668-BE54-9A1E7A4F7556}") = "Domain", "Domain\Domain.csproj", "{1E03A1F3-AD12-44FF-BA45-DD4062C787B8}"
EndProject
Project("{9A19103F-16F7-4668-BE54-9A1E7A4F7556}") = "Infrastructre", "Infrastructture\Infrastructre.csproj", "{20C9CE72-DE0D-4C08-9E42-3E1F31B42207}"
EndProject
Project("{9A19103F-16F7-4668-BE54-9A1E7A4F7556}") = "Application", "Application\Application.csproj", "{57CF9A03-AD10-47CD-BA9D-6BFA85C8043D}"
EndProject
Global
	GlobalSection(SolutionConfigurationPlatforms) = preSolution
		Debug|Any CPU = Debug|Any CPU
		Release|Any CPU = Release|Any CPU
	EndGlobalSection
	GlobalSection(ProjectConfigurationPlatforms) = postSolution
		{06DF5604-BC80-4C69-893A-72F58C6E04BD}.Debug|Any CPU.ActiveCfg = Debug|Any CPU
		{06DF5604-BC80-4C69-893A-72F58C6E04BD}.Debug|Any CPU.Build.0 = Debug|Any CPU
		{06DF5604-BC80-4C69-893A-72F58C6E04BD}.Release|Any CPU.ActiveCfg = Release|Any CPU
		{06DF5604-BC80-4C69-893A-72F58C6E04BD}.Release|Any CPU.Build.0 = Release|Any CPU
		{1E03A1F3-AD12-44FF-BA45-DD4062C787B8}.Debug|Any CPU.ActiveCfg = Debug|Any CPU
		{1E03A1F3-AD12-44FF-BA45-DD4062C787B8}.Debug|Any CPU.Build.0 = Debug|Any CPU
		{1E03A1F3-AD12-44FF-BA45-DD4062C787B8}.Release|Any CPU.ActiveCfg = Release|Any CPU
		{1E03A1F3-AD12-44FF-BA45-DD4062C787B8}.Release|Any CPU.Build.0 = Release|Any CPU
		{20C9CE72-DE0D-4C08-9E42-3E1F31B42207}.Debug|Any CPU.ActiveCfg = Debug|Any CPU
		{20C9CE72-DE0D-4C08-9E42-3E1F31B42207}.Debug|Any CPU.Build.0 = Debug|Any CPU
		{20C9CE72-DE0D-4C08-9E42-3E1F31B42207}.Release|Any CPU.ActiveCfg = Release|Any CPU
		{20C9CE72-DE0D-4C08-9E42-3E1F31B42207}.Release|Any CPU.Build.0 = Release|Any CPU
		{57CF9A03-AD10-47CD-BA9D-6BFA85C8043D}.Debug|Any CPU.ActiveCfg = Debug|Any CPU
		{57CF9A03-AD10-47CD-BA9D-6BFA85C8043D}.Debug|Any CPU.Build.0 = Debug|Any CPU
		{57CF9A03-AD10-47CD-BA9D-6BFA85C8043D}.Release|Any CPU.ActiveCfg = Release|Any CPU
		{57CF9A03-AD10-47CD-BA9D-6BFA85C8043D}.Release|Any CPU.Build.0 = Release|Any CPU
	EndGlobalSection
	GlobalSection(SolutionProperties) = preSolution
		HideSolutionNode = FALSE
	EndGlobalSection
	GlobalSection(ExtensibilityGlobals) = postSolution
		SolutionGuid = {0E7D9E96-3D89-4E72-BE20-99E060425CA4}
	EndGlobalSection
EndGlobal
